# This file is automatically @generated by Cargo.
# It is not intended for manual editing.
version = 4

[[package]]
name = "bootloader"
version = "0.1.0"
dependencies = [
 "r-efi",
 "utils",
]

[[package]]
name = "game"
version = "0.1.0"
dependencies = [
 "r-efi",
 "utils",
]

[[package]]
name = "r-efi"
version = "6.0.0"
source = "registry+https://github.com/rust-lang/crates.io-index"
checksum = "f8dcc9c7d52a811697d2151c701e0d08956f92b0e24136cf4cf27b57a6a0d9bf"

[[package]]
name = "utils"
version = "0.1.0"
dependencies = [
 "r-efi",
]
